github.com/fermyon/spin/sdk/go v0.6.0 h1:NHpg0XylARw/6GYpuklaw4M8f2L30hagfoURn9k2duo=
github.com/fermyon/spin/sdk/go v0.6.0/go.mod h1:ARV2oVtnUCykLM+xCBZq8MQrCZddzb3JbeBettYv1S0=
github.com/syke99/waggy v0.4.0 h1:2KE+KZcpjYtLgtChX0mtcLGKjRgHOmHFc6giZ3BGZMc=
github.com/syke99/waggy v0.4.0/go.mod h1:mvU3ZAXV18ikNjjDRzYEqOGdyi6kqUPENrTBZImc1ik=
github.com/syke99/waggy v0.4.1 h1:kbk/aw2fSYWh8Qcwlf3yUof9kLKHhupynMJQXRMgKDs=
github.com/syke99/waggy v0.4.1/go.mod h1:mvU3ZAXV18ikNjjDRzYEqOGdyi6kqUPENrTBZImc1ik=
github.com/syke99/waggy v0.4.3 h1:gLmnQnVg3zNaGiLeFFp/QMQXxdGYeEvugJvczbHK0Hw=
github.com/syke99/waggy v0.4.3/go.mod h1:mvU3ZAXV18ikNjjDRzYEqOGdyi6kqUPENrTBZImc1ik=
github.com/syke99/waggy v0.4.4 h1:H3mjS6K1MPnyFzyfS+8cOP0+tKruuuC+tdfFedLlqQg=
github.com/syke99/waggy v0.4.4/go.mod h1:mvU3ZAXV18ikNjjDRzYEqOGdyi6kqUPENrTBZImc1ik=
github.com/syke99/waggy v0.4.5 h1:fn6j36ZEJCY9sa4wrjzwAcQ7JMyGYb1nbmQGN8ZQVGY=
github.com/syke99/waggy v0.4.5/go.mod h1:mvU3ZAXV18ikNjjDRzYEqOGdyi6kqUPENrTBZImc1ik=
github.com/syke99/waggy v0.4.8 h1:CUo1O4HE8n3Cg51RMkZTJx5hz41lhBAC/KvWWarbb6E=
github.com/syke99/waggy v0.4.8/go.mod h1:mvU3ZAXV18ikNjjDRzYEqOGdyi6kqUPENrTBZImc1ik=
github.com/syke99/waggy v0.4.9 h1:rOrDOv9Gmr33+YhBRUvKV3/es4aCllDupuQcGDSxz5M=
github.com/syke99/waggy v0.4.9/go.mod h1:mvU3ZAXV18ikNjjDRzYEqOGdyi6kqUPENrTBZImc1ik=
github.com/syke99/waggy v0.4.10 h1:VePhDhwo0C5AKjP+67I+fLll20FXGHadFNr/EkOwdSI=
github.com/syke99/waggy v0.4.10/go.mod h1:mvU3ZAXV18ikNjjDRzYEqOGdyi6kqUPENrTBZImc1ik=
github.com/syke99/waggy v0.4.11 h1:i9kXEQg4jiDtLn77Hb9m4p0zDwuZAfceaGP7Ycfe3KE=
github.com/syke99/waggy v0.4.11/go.mod h1:mvU3ZAXV18ikNjjDRzYEqOGdyi6kqUPENrTBZImc1ik=
github.com/syke99/waggy v0.4.12 h1:Fl5bie7Nz2JB3Kror0iXwFcgJVsbrlG3MzVk+Dqt0+M=
github.com/syke99/waggy v0.4.12/go.mod h1:mvU3ZAXV18ikNjjDRzYEqOGdyi6kqUPENrTBZImc1ik=
